PODS:
  - GoogleBooksApiClient (0.0.3)
  - RxCocoa (3.0.1):
    - RxSwift (~> 3.0)
  - RxSwift (3.0.1)

DEPENDENCIES:
  - GoogleBooksApiClient (= 0.0.3)
  - RxCocoa (= 3.0.1)
  - RxSwift (= 3.0.1)

SPEC CHECKSUMS:
  GoogleBooksApiClient: 4d091f715d1b5feb867fc7e719c7abe6abb74fb4
  RxCocoa: 15a52fc590dcc700cb4a690a633b5c5184ce3a78
  RxSwift: af5680055c4ad04480189c52d28385b1029493a6

PODFILE CHECKSUM: af1cab7223a5c5afe179bc44d220aca7a0303ec8

COCOAPODS: 1.1.1
